
Microsoft Visual Studio Solution File, Format Version 12.00
# Visual Studio Version 17
VisualStudioVersion = 17.13.35931.197 d17.13
MinimumVisualStudioVersion = 10.0.40219.1
Project("{FAE04EC0-301F-11D3-BF4B-00C04F79EFBC}") = "DcdLesson01Mvc", "DcdLesson01Mvc.csproj", "{1D63E261-2D64-46BE-BB4B-3AF9F74BBD50}"
EndProject
Global
	GlobalSection(SolutionConfigurationPlatforms) = preSolution
		Debug|Any CPU = Debug|Any CPU
		Release|Any CPU = Release|Any CPU
	EndGlobalSection
	GlobalSection(ProjectConfigurationPlatforms) = postSolution
		{1D63E261-2D64-46BE-BB4B-3AF9F74BBD50}.Debug|Any CPU.ActiveCfg = Debug|Any CPU
		{1D63E261-2D64-46BE-BB4B-3AF9F74BBD50}.Debug|Any CPU.Build.0 = Debug|Any CPU
		{1D63E261-2D64-46BE-BB4B-3AF9F74BBD50}.Release|Any CPU.ActiveCfg = Release|Any CPU
		{1D63E261-2D64-46BE-BB4B-3AF9F74BBD50}.Release|Any CPU.Build.0 = Release|Any CPU
	EndGlobalSection
	GlobalSection(SolutionProperties) = preSolution
		HideSolutionNode = FALSE
	EndGlobalSection
	GlobalSection(ExtensibilityGlobals) = postSolution
		SolutionGuid = {67FE3C94-14B8-44DB-93FE-52AA8C28C20D}
	EndGlobalSection
EndGlobal
